
Microsoft Visual Studio Solution File, Format Version 12.00
# Visual Studio Version 16
VisualStudioVersion = 16.0.31605.320
MinimumVisualStudioVersion = 10.0.40219.1
Project("{FAE04EC0-301F-11D3-BF4B-00C04F79EFBC}") = "weatherApp", "weatherApp.csproj", "{991064E3-DFEA-46AA-8BA6-E3A4F6D5E305}"
EndProject
Global
	GlobalSection(SolutionConfigurationPlatforms) = preSolution
		Debug|Any CPU = Debug|Any CPU
		Release|Any CPU = Release|Any CPU
	EndGlobalSection
	GlobalSection(ProjectConfigurationPlatforms) = postSolution
		{991064E3-DFEA-46AA-8BA6-E3A4F6D5E305}.Debug|Any CPU.ActiveCfg = Debug|Any CPU
		{991064E3-DFEA-46AA-8BA6-E3A4F6D5E305}.Debug|Any CPU.Build.0 = Debug|Any CPU
		{991064E3-DFEA-46AA-8BA6-E3A4F6D5E305}.Release|Any CPU.ActiveCfg = Release|Any CPU
		{991064E3-DFEA-46AA-8BA6-E3A4F6D5E305}.Release|Any CPU.Build.0 = Release|Any CPU
	EndGlobalSection
	GlobalSection(SolutionProperties) = preSolution
		HideSolutionNode = FALSE
	EndGlobalSection
	GlobalSection(ExtensibilityGlobals) = postSolution
		SolutionGuid = {7E4536EA-AC1D-4269-BA94-68B14729C6C7}
	EndGlobalSection
EndGlobal
