
Microsoft Visual Studio Solution File, Format Version 12.00
# Visual Studio Version 16
VisualStudioVersion = 16.0.31605.320
MinimumVisualStudioVersion = 10.0.40219.1
Project("{FAE04EC0-301F-11D3-BF4B-00C04F79EFBC}") = "translateYandexApi", "translateYandexApi.csproj", "{0DF864D1-3E71-4668-9286-91DF82FD446A}"
EndProject
Global
	GlobalSection(SolutionConfigurationPlatforms) = preSolution
		Debug|Any CPU = Debug|Any CPU
		Release|Any CPU = Release|Any CPU
	EndGlobalSection
	GlobalSection(ProjectConfigurationPlatforms) = postSolution
		{0DF864D1-3E71-4668-9286-91DF82FD446A}.Debug|Any CPU.ActiveCfg = Debug|Any CPU
		{0DF864D1-3E71-4668-9286-91DF82FD446A}.Debug|Any CPU.Build.0 = Debug|Any CPU
		{0DF864D1-3E71-4668-9286-91DF82FD446A}.Release|Any CPU.ActiveCfg = Release|Any CPU
		{0DF864D1-3E71-4668-9286-91DF82FD446A}.Release|Any CPU.Build.0 = Release|Any CPU
	EndGlobalSection
	GlobalSection(SolutionProperties) = preSolution
		HideSolutionNode = FALSE
	EndGlobalSection
	GlobalSection(ExtensibilityGlobals) = postSolution
		SolutionGuid = {D34B2A79-71E9-498B-9BDA-E6247A1B6ADE}
	EndGlobalSection
EndGlobal
