
Microsoft Visual Studio Solution File, Format Version 12.00
# Visual Studio Version 16
VisualStudioVersion = 16.0.31605.320
MinimumVisualStudioVersion = 10.0.40219.1
Project("{FAE04EC0-301F-11D3-BF4B-00C04F79EFBC}") = "Clock", "Clock.csproj", "{EF2708D9-ACD0-4723-87E3-EA8C3EC0A7D8}"
EndProject
Global
	GlobalSection(SolutionConfigurationPlatforms) = preSolution
		Debug|Any CPU = Debug|Any CPU
		Release|Any CPU = Release|Any CPU
	EndGlobalSection
	GlobalSection(ProjectConfigurationPlatforms) = postSolution
		{EF2708D9-ACD0-4723-87E3-EA8C3EC0A7D8}.Debug|Any CPU.ActiveCfg = Debug|Any CPU
		{EF2708D9-ACD0-4723-87E3-EA8C3EC0A7D8}.Debug|Any CPU.Build.0 = Debug|Any CPU
		{EF2708D9-ACD0-4723-87E3-EA8C3EC0A7D8}.Release|Any CPU.ActiveCfg = Release|Any CPU
		{EF2708D9-ACD0-4723-87E3-EA8C3EC0A7D8}.Release|Any CPU.Build.0 = Release|Any CPU
	EndGlobalSection
	GlobalSection(SolutionProperties) = preSolution
		HideSolutionNode = FALSE
	EndGlobalSection
	GlobalSection(ExtensibilityGlobals) = postSolution
		SolutionGuid = {177F5355-E42A-456C-9406-95EBFDEBA17B}
	EndGlobalSection
EndGlobal
